// !$*UTF8*$!
{
	archiveVersion = 1;
	classes = {
	};
	objectVersion = 46;
	objects = {

/* Begin PBXBuildFile section */
		F77FF6F2185AE8D4000CFB4E /* Foundation.framework in Frameworks */ = {isa = PBXBuildFile; fileRef = F77FF6F1185AE8D4000CFB4E /* Foundation.framework */; };
		F77FF6F4185AE8D4000CFB4E /* CoreGraphics.framework in Frameworks */ = {isa = PBXBuildFile; fileRef = F77FF6F3185AE8D4000CFB4E /* CoreGraphics.framework */; };
		F77FF6F6185AE8D4000CFB4E /* UIKit.framework in Frameworks */ = {isa = PBXBuildFile; fileRef = F77FF6F5185AE8D4000CFB4E /* UIKit.framework */; };
		F77FF6FC185AE8D4000CFB4E /* InfoPlist.strings in Resources */ = {isa = PBXBuildFile; fileRef = F77FF6FA185AE8D4000CFB4E /* InfoPlist.strings */; };
		F77FF6FE185AE8D4000CFB4E /* main.m in Sources */ = {isa = PBXBuildFile; fileRef = F77FF6FD185AE8D4000CFB4E /* main.m */; };
		F77FF702185AE8D4000CFB4E /* AppDelegate.m in Sources */ = {isa = PBXBuildFile; fileRef = F77FF701185AE8D4000CFB4E /* AppDelegate.m */; };
		F77FF705185AE8D4000CFB4E /* Main.storyboard in Resources */ = {isa = PBXBuildFile; fileRef = F77FF703185AE8D4000CFB4E /* Main.storyboard */; };
		F77FF708185AE8D4000CFB4E /* ViewController.m in Sources */ = {isa = PBXBuildFile; fileRef = F77FF707185AE8D4000CFB4E /* ViewController.m */; };
		F77FF70A185AE8D4000CFB4E /* Images.xcassets in Resources */ = {isa = PBXBuildFile; fileRef = F77FF709185AE8D4000CFB4E /* Images.xcassets */; };
		F77FF711185AE8D4000CFB4E /* XCTest.framework in Frameworks */ = {isa = PBXBuildFile; fileRef = F77FF710185AE8D4000CFB4E /* XCTest.framework */; };
		F77FF712185AE8D4000CFB4E /* Foundation.framework in Frameworks */ = {isa = PBXBuildFile; fileRef = F77FF6F1185AE8D4000CFB4E /* Foundation.framework */; };
		F77FF713185AE8D4000CFB4E /* UIKit.framework in Frameworks */ = {isa = PBXBuildFile; fileRef = F77FF6F5185AE8D4000CFB4E /* UIKit.framework */; };
		F77FF71B185AE8D4000CFB4E /* InfoPlist.strings in Resources */ = {isa = PBXBuildFile; fileRef = F77FF719185AE8D4000CFB4E /* InfoPlist.strings */; };
		F77FF71D185AE8D4000CFB4E /* TravisTestTestTests.m in Sources */ = {isa = PBXBuildFile; fileRef = F77FF71C185AE8D4000CFB4E /* TravisTestTestTests.m */; };
/* End PBXBuildFile section */

/* Begin PBXContainerItemProxy section */
		F77FF714185AE8D4000CFB4E /* PBXContainerItemProxy */ = {
			isa = PBXContainerItemProxy;
			containerPortal = F77FF6E6185AE8D4000CFB4E /* Project object */;
			proxyType = 1;
			remoteGlobalIDString = F77FF6ED185AE8D4000CFB4E;
			remoteInfo = TravisTestTest;
		};
/* End PBXContainerItemProxy section */

/* Begin PBXFileReference section */
		F77FF6EE185AE8D4000CFB4E /* TravisTestTest.app */ = {isa = PBXFileReference; explicitFileType = wrapper.application; includeInIndex = 0; path = TravisTestTest.app; sourceTree = BUILT_PRODUCTS_DIR; };
		F77FF6F1185AE8D4000CFB4E /* Foundation.framework */ = {isa = PBXFileReference; lastKnownFileType = wrapper.framework; name = Foundation.framework; path = System/Library/Frameworks/Foundation.framework; sourceTree = SDKROOT; };
		F77FF6F3185AE8D4000CFB4E /* CoreGraphics.framework */ = {isa = PBXFileReference; lastKnownFileType = wrapper.framework; name = CoreGraphics.framework; path = System/Library/Frameworks/CoreGraphics.framework; sourceTree = SDKROOT; };
		F77FF6F5185AE8D4000CFB4E /* UIKit.framework */ = {isa = PBXFileReference; lastKnownFileType = wrapper.framework; name = UIKit.framework; path = System/Library/Frameworks/UIKit.framework; sourceTree = SDKROOT; };
		F77FF6F9185AE8D4000CFB4E /* TravisTestTest-Info.plist */ = {isa = PBXFileReference; lastKnownFileType = text.plist.xml; path = "TravisTestTest-Info.plist"; sourceTree = "<group>"; };
		F77FF6FB185AE8D4000CFB4E /* en */ = {isa = PBXFileReference; lastKnownFileType = text.plist.strings; name = en; path = en.lproj/InfoPlist.strings; sourceTree = "<group>"; };
		F77FF6FD185AE8D4000CFB4E /* main.m */ = {isa = PBXFileReference; lastKnownFileType = sourcecode.c.objc; path = main.m; sourceTree = "<group>"; };
		F77FF6FF185AE8D4000CFB4E /* TravisTestTest-Prefix.pch */ = {isa = PBXFileReference; lastKnownFileType = sourcecode.c.h; path = "TravisTestTest-Prefix.pch"; sourceTree = "<group>"; };
		F77FF700185AE8D4000CFB4E /* AppDelegate.h */ = {isa = PBXFileReference; lastKnownFileType = sourcecode.c.h; path = AppDelegate.h; sourceTree = "<group>"; };
		F77FF701185AE8D4000CFB4E /* AppDelegate.m */ = {isa = PBXFileReference; lastKnownFileType = sourcecode.c.objc; path = AppDelegate.m; sourceTree = "<group>"; };
		F77FF704185AE8D4000CFB4E /* Base */ = {isa = PBXFileReference; lastKnownFileType = file.storyboard; name = Base; path = Base.lproj/Main.storyboard; sourceTree = "<group>"; };
		F77FF706185AE8D4000CFB4E /* ViewController.h */ = {isa = PBXFileReference; lastKnownFileType = sourcecode.c.h; path = ViewController.h; sourceTree = "<group>"; };
		F77FF707185AE8D4000CFB4E /* ViewController.m */ = {isa = PBXFileReference; lastKnownFileType = sourcecode.c.objc; path = ViewController.m; sourceTree = "<group>"; };
		F77FF709185AE8D4000CFB4E /* Images.xcassets */ = {isa = PBXFileReference; lastKnownFileType = folder.assetcatalog; path = Images.xcassets; sourceTree = "<group>"; };
		F77FF70F185AE8D4000CFB4E /* TravisTestTestTests.xctest */ = {isa = PBXFileReference; explicitFileType = wrapper.cfbundle; includeInIndex = 0; path = TravisTestTestTests.xctest; sourceTree = BUILT_PRODUCTS_DIR; };
		F77FF710185AE8D4000CFB4E /* XCTest.framework */ = {isa = PBXFileReference; lastKnownFileType = wrapper.framework; name = XCTest.framework; path = Library/Frameworks/XCTest.framework; sourceTree = DEVELOPER_DIR; };
		F77FF718185AE8D4000CFB4E /* TravisTestTestTests-Info.plist */ = {isa = PBXFileReference; lastKnownFileType = text.plist.xml; path = "TravisTestTestTests-Info.plist"; sourceTree = "<group>"; };
		F77FF71A185AE8D4000CFB4E /* en */ = {isa = PBXFileReference; lastKnownFileType = text.plist.strings; name = en; path = en.lproj/InfoPlist.strings; sourceTree = "<group>"; };
		F77FF71C185AE8D4000CFB4E /* TravisTestTestTests.m */ = {isa = PBXFileReference; lastKnownFileType = sourcecode.c.objc; path = TravisTestTestTests.m; sourceTree = "<group>"; };
/* End PBXFileReference section */

/* Begin PBXFrameworksBuildPhase section */
		F77FF6EB185AE8D4000CFB4E /* Frameworks */ = {
			isa = PBXFrameworksBuildPhase;
			buildActionMask = 2147483647;
			files = (
				F77FF6F4185AE8D4000CFB4E /* CoreGraphics.framework in Frameworks */,
				F77FF6F6185AE8D4000CFB4E /* UIKit.framework in Frameworks */,
				F77FF6F2185AE8D4000CFB4E /* Foundation.framework in Frameworks */,
			);
			runOnlyForDeploymentPostprocessing = 0;
		};
		F77FF70C185AE8D4000CFB4E /* Frameworks */ = {
			isa = PBXFrameworksBuildPhase;
			buildActionMask = 2147483647;
			files = (
				F77FF711185AE8D4000CFB4E /* XCTest.framework in Frameworks */,
				F77FF713185AE8D4000CFB4E /* UIKit.framework in Frameworks */,
				F77FF712185AE8D4000CFB4E /* Foundation.framework in Frameworks */,
			);
			runOnlyForDeploymentPostprocessing = 0;
		};
/* End PBXFrameworksBuildPhase section */

/* Begin PBXGroup section */
		F77FF6E5185AE8D4000CFB4E = {
			isa = PBXGroup;
			children = (
				F77FF6F7185AE8D4000CFB4E /* TravisTestTest */,
				F77FF716185AE8D4000CFB4E /* TravisTestTestTests */,
				F77FF6F0185AE8D4000CFB4E /* Frameworks */,
				F77FF6EF185AE8D4000CFB4E /* Products */,
			);
			sourceTree = "<group>";
		};
		F77FF6EF185AE8D4000CFB4E /* Products */ = {
			isa = PBXGroup;
			children = (
				F77FF6EE185AE8D4000CFB4E /* TravisTestTest.app */,
				F77FF70F185AE8D4000CFB4E /* TravisTestTestTests.xctest */,
			);
			name = Products;
			sourceTree = "<group>";
		};
		F77FF6F0185AE8D4000CFB4E /* Frameworks */ = {
			isa = PBXGroup;
			children = (
				F77FF6F1185AE8D4000CFB4E /* Foundation.framework */,
				F77FF6F3185AE8D4000CFB4E /* CoreGraphics.framework */,
				F77FF6F5185AE8D4000CFB4E /* UIKit.framework */,
				F77FF710185AE8D4000CFB4E /* XCTest.framework */,
			);
			name = Frameworks;
			sourceTree = "<group>";
		};
		F77FF6F7185AE8D4000CFB4E /* TravisTestTest */ = {
			isa = PBXGroup;
			children = (
				F77FF700185AE8D4000CFB4E /* AppDelegate.h */,
				F77FF701185AE8D4000CFB4E /* AppDelegate.m */,
				F77FF703185AE8D4000CFB4E /* Main.storyboard */,
				F77FF706185AE8D4000CFB4E /* ViewController.h */,
				F77FF707185AE8D4000CFB4E /* ViewController.m */,
				F77FF709185AE8D4000CFB4E /* Images.xcassets */,
				F77FF6F8185AE8D4000CFB4E /* Supporting Files */,
			);
			path = TravisTestTest;
			sourceTree = "<group>";
		};
		F77FF6F8185AE8D4000CFB4E /* Supporting Files */ = {
			isa = PBXGroup;
			children = (
				F77FF6F9185AE8D4000CFB4E /* TravisTestTest-Info.plist */,
				F77FF6FA185AE8D4000CFB4E /* InfoPlist.strings */,
				F77FF6FD185AE8D4000CFB4E /* main.m */,
				F77FF6FF185AE8D4000CFB4E /* TravisTestTest-Prefix.pch */,
			);
			name = "Supporting Files";
			sourceTree = "<group>";
		};
		F77FF716185AE8D4000CFB4E /* TravisTestTestTests */ = {
			isa = PBXGroup;
			children = (
				F77FF71C185AE8D4000CFB4E /* TravisTestTestTests.m */,
				F77FF717185AE8D4000CFB4E /* Supporting Files */,
			);
			path = TravisTestTestTests;
			sourceTree = "<group>";
		};
		F77FF717185AE8D4000CFB4E /* Supporting Files */ = {
			isa = PBXGroup;
			children = (
				F77FF718185AE8D4000CFB4E /* TravisTestTestTests-Info.plist */,
				F77FF719185AE8D4000CFB4E /* InfoPlist.strings */,
			);
			name = "Supporting Files";
			sourceTree = "<group>";
		};
/* End PBXGroup section */

/* Begin PBXNativeTarget section */
		F77FF6ED185AE8D4000CFB4E /* TravisTestTest */ = {
			isa = PBXNativeTarget;
			buildConfigurationList = F77FF720185AE8D4000CFB4E /* Build configuration list for PBXNativeTarget "TravisTestTest" */;
			buildPhases = (
				F77FF6EA185AE8D4000CFB4E /* Sources */,
				F77FF6EB185AE8D4000CFB4E /* Frameworks */,
				F77FF6EC185AE8D4000CFB4E /* Resources */,
			);
			buildRules = (
			);
			dependencies = (
			);
			name = TravisTestTest;
			productName = TravisTestTest;
			productReference = F77FF6EE185AE8D4000CFB4E /* TravisTestTest.app */;
			productType = "com.apple.product-type.application";
		};
		F77FF70E185AE8D4000CFB4E /* TravisTestTestTests */ = {
			isa = PBXNativeTarget;
			buildConfigurationList = F77FF723185AE8D4000CFB4E /* Build configuration list for PBXNativeTarget "TravisTestTestTests" */;
			buildPhases = (
				F77FF70B185AE8D4000CFB4E /* Sources */,
				F77FF70C185AE8D4000CFB4E /* Frameworks */,
				F77FF70D185AE8D4000CFB4E /* Resources */,
			);
			buildRules = (
			);
			dependencies = (
				F77FF715185AE8D4000CFB4E /* PBXTargetDependency */,
			);
			name = TravisTestTestTests;
			productName = TravisTestTestTests;
			productReference = F77FF70F185AE8D4000CFB4E /* TravisTestTestTests.xctest */;
			productType = "com.apple.product-type.bundle.unit-test";
		};
/* End PBXNativeTarget section */

/* Begin PBXProject section */
		F77FF6E6185AE8D4000CFB4E /* Project object */ = {
			isa = PBXProject;
			attributes = {
				LastUpgradeCheck = 0500;
				ORGANIZATIONNAME = "Sergey Mingalev";
				TargetAttributes = {
					F77FF70E185AE8D4000CFB4E = {
						TestTargetID = F77FF6ED185AE8D4000CFB4E;
					};
				};
			};
			buildConfigurationList = F77FF6E9185AE8D4000CFB4E /* Build configuration list for PBXProject "TravisTestTest" */;
			compatibilityVersion = "Xcode 3.2";
			developmentRegion = English;
			hasScannedForEncodings = 0;
			knownRegions = (
				en,
				Base,
			);
			mainGroup = F77FF6E5185AE8D4000CFB4E;
			productRefGroup = F77FF6EF185AE8D4000CFB4E /* Products */;
			projectDirPath = "";
			projectRoot = "";
			targets = (
				F77FF6ED185AE8D4000CFB4E /* TravisTestTest */,
				F77FF70E185AE8D4000CFB4E /* TravisTestTestTests */,
			);
		};
/* End PBXProject section */

/* Begin PBXResourcesBuildPhase section */
		F77FF6EC185AE8D4000CFB4E /* Resources */ = {
			isa = PBXResourcesBuildPhase;
			buildActionMask = 2147483647;
			files = (
				F77FF70A185AE8D4000CFB4E /* Images.xcassets in Resources */,
				F77FF6FC185AE8D4000CFB4E /* InfoPlist.strings in Resources */,
				F77FF705185AE8D4000CFB4E /* Main.storyboard in Resources */,
			);
			runOnlyForDeploymentPostprocessing = 0;
		};
		F77FF70D185AE8D4000CFB4E /* Resources */ = {
			isa = PBXResourcesBuildPhase;
			buildActionMask = 2147483647;
			files = (
				F77FF71B185AE8D4000CFB4E /* InfoPlist.strings in Resources */,
			);
			runOnlyForDeploymentPostprocessing = 0;
		};
/* End PBXResourcesBuildPhase section */

/* Begin PBXSourcesBuildPhase section */
		F77FF6EA185AE8D4000CFB4E /* Sources */ = {
			isa = PBXSourcesBuildPhase;
			buildActionMask = 2147483647;
			files = (
				F77FF708185AE8D4000CFB4E /* ViewController.m in Sources */,
				F77FF702185AE8D4000CFB4E /* AppDelegate.m in Sources */,
				F77FF6FE185AE8D4000CFB4E /* main.m in Sources */,
			);
			runOnlyForDeploymentPostprocessing = 0;
		};
		F77FF70B185AE8D4000CFB4E /* Sources */ = {
			isa = PBXSourcesBuildPhase;
			buildActionMask = 2147483647;
			files = (
				F77FF71D185AE8D4000CFB4E /* TravisTestTestTests.m in Sources */,
			);
			runOnlyForDeploymentPostprocessing = 0;
		};
/* End PBXSourcesBuildPhase section */

/* Begin PBXTargetDependency section */
		F77FF715185AE8D4000CFB4E /* PBXTargetDependency */ = {
			isa = PBXTargetDependency;
			target = F77FF6ED185AE8D4000CFB4E /* TravisTestTest */;
			targetProxy = F77FF714185AE8D4000CFB4E /* PBXContainerItemProxy */;
		};
/* End PBXTargetDependency section */

/* Begin PBXVariantGroup section */
		F77FF6FA185AE8D4000CFB4E /* InfoPlist.strings */ = {
			isa = PBXVariantGroup;
			children = (
				F77FF6FB185AE8D4000CFB4E /* en */,
			);
			name = InfoPlist.strings;
			sourceTree = "<group>";
		};
		F77FF703185AE8D4000CFB4E /* Main.storyboard */ = {
			isa = PBXVariantGroup;
			children = (
				F77FF704185AE8D4000CFB4E /* Base */,
			);
			name = Main.storyboard;
			sourceTree = "<group>";
		};
		F77FF719185AE8D4000CFB4E /* InfoPlist.strings */ = {
			isa = PBXVariantGroup;
			children = (
				F77FF71A185AE8D4000CFB4E /* en */,
			);
			name = InfoPlist.strings;
			sourceTree = "<group>";
		};
/* End PBXVariantGroup section */

/* Begin XCBuildConfiguration section */
		F77FF71E185AE8D4000CFB4E /* Debug */ = {
			isa = XCBuildConfiguration;
			buildSettings = {
				ALWAYS_SEARCH_USER_PATHS = NO;
				ARCHS = "$(ARCHS_STANDARD_INCLUDING_64_BIT)";
				CLANG_CXX_LANGUAGE_STANDARD = "gnu++0x";
				CLANG_CXX_LIBRARY = "libc++";
				CLANG_ENABLE_MODULES = YES;
				CLANG_ENABLE_OBJC_ARC = YES;
				CLANG_WARN_BOOL_CONVERSION = YES;
				CLANG_WARN_CONSTANT_CONVERSION = YES;
				CLANG_WARN_DIRECT_OBJC_ISA_USAGE = YES_ERROR;
				CLANG_WARN_EMPTY_BODY = YES;
				CLANG_WARN_ENUM_CONVERSION = YES;
				CLANG_WARN_INT_CONVERSION = YES;
				CLANG_WARN_OBJC_ROOT_CLASS = YES_ERROR;
				CLANG_WARN__DUPLICATE_METHOD_MATCH = YES;
				"CODE_SIGN_IDENTITY[sdk=iphoneos*]" = "iPhone Developer";
				COPY_PHASE_STRIP = NO;
				GCC_C_LANGUAGE_STANDARD = gnu99;
				GCC_DYNAMIC_NO_PIC = NO;
				GCC_OPTIMIZATION_LEVEL = 0;
				GCC_PREPROCESSOR_DEFINITIONS = (
					"DEBUG=1",
					"$(inherited)",
				);
				GCC_SYMBOLS_PRIVATE_EXTERN = NO;
				GCC_WARN_64_TO_32_BIT_CONVERSION = YES;
				GCC_WARN_ABOUT_RETURN_TYPE = YES_ERROR;
				GCC_WARN_UNDECLARED_SELECTOR = YES;
				GCC_WARN_UNINITIALIZED_AUTOS = YES;
				GCC_WARN_UNUSED_FUNCTION = YES;
				GCC_WARN_UNUSED_VARIABLE = YES;
				IPHONEOS_DEPLOYMENT_TARGET = 7.0;
				ONLY_ACTIVE_ARCH = YES;
				SDKROOT = iphoneos;
			};
			name = Debug;
		};
		F77FF71F185AE8D4000CFB4E /* Release */ = {
			isa = XCBuildConfiguration;
			buildSettings = {
				ALWAYS_SEARCH_USER_PATHS = NO;
				ARCHS = "$(ARCHS_STANDARD_INCLUDING_64_BIT)";
				CLANG_CXX_LANGUAGE_STANDARD = "gnu++0x";
				CLANG_CXX_LIBRARY = "libc++";
				CLANG_ENABLE_MODULES = YES;
				CLANG_ENABLE_OBJC_ARC = YES;
				CLANG_WARN_BOOL_CONVERSION = YES;
				CLANG_WARN_CONSTANT_CONVERSION = YES;
				CLANG_WARN_DIRECT_OBJC_ISA_USAGE = YES_ERROR;
				CLANG_WARN_EMPTY_BODY = YES;
				CLANG_WARN_ENUM_CONVERSION = YES;
				CLANG_WARN_INT_CONVERSION = YES;
				CLANG_WARN_OBJC_ROOT_CLASS = YES_ERROR;
				CLANG_WARN__DUPLICATE_METHOD_MATCH = YES;
				"CODE_SIGN_IDENTITY[sdk=iphoneos*]" = "iPhone Developer";
				COPY_PHASE_STRIP = YES;
				ENABLE_NS_ASSERTIONS = NO;
				GCC_C_LANGUAGE_STANDARD = gnu99;
				GCC_WARN_64_TO_32_BIT_CONVERSION = YES;
				GCC_WARN_ABOUT_RETURN_TYPE = YES_ERROR;
				GCC_WARN_UNDECLARED_SELECTOR = YES;
				GCC_WARN_UNINITIALIZED_AUTOS = YES;
				GCC_WARN_UNUSED_FUNCTION = YES;
				GCC_WARN_UNUSED_VARIABLE = YES;
				IPHONEOS_DEPLOYMENT_TARGET = 7.0;
				SDKROOT = iphoneos;
				VALIDATE_PRODUCT = YES;
			};
			name = Release;
		};
		F77FF721185AE8D4000CFB4E /* Debug */ = {
			isa = XCBuildConfiguration;
			buildSettings = {
				ASSETCATALOG_COMPILER_APPICON_NAME = AppIcon;
				ASSETCATALOG_COMPILER_LAUNCHIMAGE_NAME = LaunchImage;
				GCC_PRECOMPILE_PREFIX_HEADER = YES;
				GCC_PREFIX_HEADER = "TravisTestTest/TravisTestTest-Prefix.pch";
				INFOPLIST_FILE = "TravisTestTest/TravisTestTest-Info.plist";
				PRODUCT_NAME = "$(TARGET_NAME)";
				WRAPPER_EXTENSION = app;
			};
			name = Debug;
		};
		F77FF722185AE8D4000CFB4E /* Release */ = {
			isa = XCBuildConfiguration;
			buildSettings = {
				ASSETCATALOG_COMPILER_APPICON_NAME = AppIcon;
				ASSETCATALOG_COMPILER_LAUNCHIMAGE_NAME = LaunchImage;
				GCC_PRECOMPILE_PREFIX_HEADER = YES;
				GCC_PREFIX_HEADER = "TravisTestTest/TravisTestTest-Prefix.pch";
				INFOPLIST_FILE = "TravisTestTest/TravisTestTest-Info.plist";
				PRODUCT_NAME = "$(TARGET_NAME)";
				WRAPPER_EXTENSION = app;
			};
			name = Release;
		};
		F77FF724185AE8D4000CFB4E /* Debug */ = {
			isa = XCBuildConfiguration;
			buildSettings = {
				ARCHS = "$(ARCHS_STANDARD_INCLUDING_64_BIT)";
				BUNDLE_LOADER = "$(BUILT_PRODUCTS_DIR)/TravisTestTest.app/TravisTestTest";
				FRAMEWORK_SEARCH_PATHS = (
					"$(SDKROOT)/Developer/Library/Frameworks",
					"$(inherited)",
					"$(DEVELOPER_FRAMEWORKS_DIR)",
				);
				GCC_PRECOMPILE_PREFIX_HEADER = YES;
				GCC_PREFIX_HEADER = "TravisTestTest/TravisTestTest-Prefix.pch";
				GCC_PREPROCESSOR_DEFINITIONS = (
					"DEBUG=1",
					"$(inherited)",
				);
				INFOPLIST_FILE = "TravisTestTestTests/TravisTestTestTests-Info.plist";
				PRODUCT_NAME = "$(TARGET_NAME)";
				TEST_HOST = "$(BUNDLE_LOADER)";
				WRAPPER_EXTENSION = xctest;
			};
			name = Debug;
		};
		F77FF725185AE8D4000CFB4E /* Release */ = {
			isa = XCBuildConfiguration;
			buildSettings = {
				ARCHS = "$(ARCHS_STANDARD_INCLUDING_64_BIT)";
				BUNDLE_LOADER = "$(BUILT_PRODUCTS_DIR)/TravisTestTest.app/TravisTestTest";
				FRAMEWORK_SEARCH_PATHS = (
					"$(SDKROOT)/Developer/Library/Frameworks",
					"$(inherited)",
					"$(DEVELOPER_FRAMEWORKS_DIR)",
				);
				GCC_PRECOMPILE_PREFIX_HEADER = YES;
				GCC_PREFIX_HEADER = "TravisTestTest/TravisTestTest-Prefix.pch";
				INFOPLIST_FILE = "TravisTestTestTests/TravisTestTestTests-Info.plist";
				PRODUCT_NAME = "$(TARGET_NAME)";
				TEST_HOST = "$(BUNDLE_LOADER)";
				WRAPPER_EXTENSION = xctest;
			};
			name = Release;
		};
/* End XCBuildConfiguration section */

/* Begin XCConfigurationList section */
		F77FF6E9185AE8D4000CFB4E /* Build configuration list for PBXProject "TravisTestTest" */ = {
			isa = XCConfigurationList;
			buildConfigurations = (
				F77FF71E185AE8D4000CFB4E /* Debug */,
				F77FF71F185AE8D4000CFB4E /* Release */,
			);
			defaultConfigurationIsVisible = 0;
			defaultConfigurationName = Release;
		};
		F77FF720185AE8D4000CFB4E /* Build configuration list for PBXNativeTarget "TravisTestTest" */ = {
			isa = XCConfigurationList;
			buildConfigurations = (
				F77FF721185AE8D4000CFB4E /* Debug */,
				F77FF722185AE8D4000CFB4E /* Release */,
			);
			defaultConfigurationIsVisible = 0;
		};
		F77FF723185AE8D4000CFB4E /* Build configuration list for PBXNativeTarget "TravisTestTestTests" */ = {
			isa = XCConfigurationList;
			buildConfigurations = (
				F77FF724185AE8D4000CFB4E /* Debug */,
				F77FF725185AE8D4000CFB4E /* Release */,
			);
			defaultConfigurationIsVisible = 0;
		};
/* End XCConfigurationList section */
	};
	rootObject = F77FF6E6185AE8D4000CFB4E /* Project object */;
}
